
Microsoft Visual Studio Solution File, Format Version 12.00
# Visual Studio 2013
VisualStudioVersion = 12.0.30501.0
MinimumVisualStudioVersion = 10.0.40219.1
Project("{FAE04EC0-301F-11D3-BF4B-00C04F79EFBC}") = "Ada", "Ada\Ada.csproj", "{3C170F08-EC3E-42EC-95FB-A6E240DAEFA5}"
EndProject
Project("{FAE04EC0-301F-11D3-BF4B-00C04F79EFBC}") = "Ada.Bass", "Ada.Bass\Ada.Bass.csproj", "{1AFF6F33-A748-45FF-96EB-115D532B746E}"
EndProject
Project("{FAE04EC0-301F-11D3-BF4B-00C04F79EFBC}") = "Ada.Tests", "Ada.Tests\Ada.Tests.csproj", "{2BF5DCD7-72BC-44CB-B61F-9251EA8FCC04}"
EndProject
Global
	GlobalSection(SolutionConfigurationPlatforms) = preSolution
		Debug|Any CPU = Debug|Any CPU
		Release|Any CPU = Release|Any CPU
	EndGlobalSection
	GlobalSection(ProjectConfigurationPlatforms) = postSolution
		{3C170F08-EC3E-42EC-95FB-A6E240DAEFA5}.Debug|Any CPU.ActiveCfg = Debug|Any CPU
		{3C170F08-EC3E-42EC-95FB-A6E240DAEFA5}.Debug|Any CPU.Build.0 = Debug|Any CPU
		{3C170F08-EC3E-42EC-95FB-A6E240DAEFA5}.Release|Any CPU.ActiveCfg = Release|Any CPU
		{3C170F08-EC3E-42EC-95FB-A6E240DAEFA5}.Release|Any CPU.Build.0 = Release|Any CPU
		{1AFF6F33-A748-45FF-96EB-115D532B746E}.Debug|Any CPU.ActiveCfg = Debug|Any CPU
		{1AFF6F33-A748-45FF-96EB-115D532B746E}.Debug|Any CPU.Build.0 = Debug|Any CPU
		{1AFF6F33-A748-45FF-96EB-115D532B746E}.Release|Any CPU.ActiveCfg = Release|Any CPU
		{1AFF6F33-A748-45FF-96EB-115D532B746E}.Release|Any CPU.Build.0 = Release|Any CPU
		{2BF5DCD7-72BC-44CB-B61F-9251EA8FCC04}.Debug|Any CPU.ActiveCfg = Debug|Any CPU
		{2BF5DCD7-72BC-44CB-B61F-9251EA8FCC04}.Debug|Any CPU.Build.0 = Debug|Any CPU
		{2BF5DCD7-72BC-44CB-B61F-9251EA8FCC04}.Release|Any CPU.ActiveCfg = Release|Any CPU
		{2BF5DCD7-72BC-44CB-B61F-9251EA8FCC04}.Release|Any CPU.Build.0 = Release|Any CPU
	EndGlobalSection
	GlobalSection(SolutionProperties) = preSolution
		HideSolutionNode = FALSE
	EndGlobalSection
EndGlobal
